
Microsoft Visual Studio Solution File, Format Version 12.00
# Visual Studio 15
VisualStudioVersion = 15.0.28010.2048
MinimumVisualStudioVersion = 10.0.40219.1
Project("{FAE04EC0-301F-11D3-BF4B-00C04F79EFBC}") = "Scriptures Journal", "Scriptures Journal\Scriptures Journal.csproj", "{0460431D-6F7D-4E06-9E1D-C227D6BC46CC}"
EndProject
Global
	GlobalSection(SolutionConfigurationPlatforms) = preSolution
		Debug|Any CPU = Debug|Any CPU
		Release|Any CPU = Release|Any CPU
	EndGlobalSection
	GlobalSection(ProjectConfigurationPlatforms) = postSolution
		{0460431D-6F7D-4E06-9E1D-C227D6BC46CC}.Debug|Any CPU.ActiveCfg = Debug|Any CPU
		{0460431D-6F7D-4E06-9E1D-C227D6BC46CC}.Debug|Any CPU.Build.0 = Debug|Any CPU
		{0460431D-6F7D-4E06-9E1D-C227D6BC46CC}.Release|Any CPU.ActiveCfg = Release|Any CPU
		{0460431D-6F7D-4E06-9E1D-C227D6BC46CC}.Release|Any CPU.Build.0 = Release|Any CPU
	EndGlobalSection
	GlobalSection(SolutionProperties) = preSolution
		HideSolutionNode = FALSE
	EndGlobalSection
	GlobalSection(ExtensibilityGlobals) = postSolution
		SolutionGuid = {39F27E74-5CDA-4C60-AC2C-5E0A6AE02A83}
	EndGlobalSection
EndGlobal
